
Microsoft Visual Studio Solution File, Format Version 12.00
# Visual Studio Version 16
VisualStudioVersion = 16.0.31702.278
MinimumVisualStudioVersion = 10.0.40219.1
Project("{FAE04EC0-301F-11D3-BF4B-00C04F79EFBC}") = "MyPrograms", "tests\MyPrograms.csproj", "{7864AE14-B564-47D1-BA04-822E2FEA3BE7}"
EndProject
Project("{FAE04EC0-301F-11D3-BF4B-00C04F79EFBC}") = "MyUnitTests", "MyUnitTests\MyUnitTests.csproj", "{A497F7E4-96BE-44A6-88EA-D94C3E9B5E48}"
EndProject
Global
	GlobalSection(SolutionConfigurationPlatforms) = preSolution
		Debug|Any CPU = Debug|Any CPU
		Release|Any CPU = Release|Any CPU
	EndGlobalSection
	GlobalSection(ProjectConfigurationPlatforms) = postSolution
		{7864AE14-B564-47D1-BA04-822E2FEA3BE7}.Debug|Any CPU.ActiveCfg = Debug|Any CPU
		{7864AE14-B564-47D1-BA04-822E2FEA3BE7}.Debug|Any CPU.Build.0 = Debug|Any CPU
		{7864AE14-B564-47D1-BA04-822E2FEA3BE7}.Release|Any CPU.ActiveCfg = Release|Any CPU
		{7864AE14-B564-47D1-BA04-822E2FEA3BE7}.Release|Any CPU.Build.0 = Release|Any CPU
		{A497F7E4-96BE-44A6-88EA-D94C3E9B5E48}.Debug|Any CPU.ActiveCfg = Debug|Any CPU
		{A497F7E4-96BE-44A6-88EA-D94C3E9B5E48}.Debug|Any CPU.Build.0 = Debug|Any CPU
		{A497F7E4-96BE-44A6-88EA-D94C3E9B5E48}.Release|Any CPU.ActiveCfg = Release|Any CPU
		{A497F7E4-96BE-44A6-88EA-D94C3E9B5E48}.Release|Any CPU.Build.0 = Release|Any CPU
	EndGlobalSection
	GlobalSection(SolutionProperties) = preSolution
		HideSolutionNode = FALSE
	EndGlobalSection
	GlobalSection(ExtensibilityGlobals) = postSolution
		SolutionGuid = {12A8DB20-F80B-4395-869E-FB5D6B4A7040}
	EndGlobalSection
EndGlobal
